
Microsoft Visual Studio Solution File, Format Version 12.00
# Visual Studio Version 17
VisualStudioVersion = 17.14.36414.22 d17.14
MinimumVisualStudioVersion = 10.0.40219.1
Project("{FAE04EC0-301F-11D3-BF4B-00C04F79EFBC}") = "RazorPizzaShop", "RazorPizzaShop.csproj", "{1A62EA07-0FB2-4E00-9677-C5AB02022995}"
EndProject
Global
	GlobalSection(SolutionConfigurationPlatforms) = preSolution
		Debug|Any CPU = Debug|Any CPU
		Release|Any CPU = Release|Any CPU
	EndGlobalSection
	GlobalSection(ProjectConfigurationPlatforms) = postSolution
		{1A62EA07-0FB2-4E00-9677-C5AB02022995}.Debug|Any CPU.ActiveCfg = Debug|Any CPU
		{1A62EA07-0FB2-4E00-9677-C5AB02022995}.Debug|Any CPU.Build.0 = Debug|Any CPU
		{1A62EA07-0FB2-4E00-9677-C5AB02022995}.Release|Any CPU.ActiveCfg = Release|Any CPU
		{1A62EA07-0FB2-4E00-9677-C5AB02022995}.Release|Any CPU.Build.0 = Release|Any CPU
	EndGlobalSection
	GlobalSection(SolutionProperties) = preSolution
		HideSolutionNode = FALSE
	EndGlobalSection
	GlobalSection(ExtensibilityGlobals) = postSolution
		SolutionGuid = {0393CB3B-6C97-4587-9A88-CB896C613193}
	EndGlobalSection
EndGlobal
